{
  "name": "a1",
  "version": "1.0.0",
  "lockfileVersion": 3,
  "requires": true,
  "packages": {
    "": {
      "name": "a1",
      "version": "1.0.0",
      "license": "ISC",
      "dependencies": {
        "systeminformation": "^5.21.11"
      }
    },
    "node_modules/systeminformation": {
      "version": "5.21.11",
      "resolved": "https://registry.npmjs.org/systeminformation/-/systeminformation-5.21.11.tgz",
      "integrity": "sha512-dIJEGoP5W7k4JJGje/b+inJrOL5hV9LPsUi5ndBvJydI80CVEcu2DZYgt6prdRErDi2SA4SqYd/WMR4b+u34mA==",
      "os": [
        "darwin",
        "linux",
        "win32",
        "freebsd",
        "openbsd",
        "netbsd",
        "sunos",
        "android"
      ],
      "bin": {
        "systeminformation": "lib/cli.js"
      },
      "engines": {
        "node": ">=8.0.0"
      },
      "funding": {
        "type": "Buy me a coffee",
        "url": "https://www.buymeacoffee.com/systeminfo"
      }
    }
  }
}
